// !$*UTF8*$!
{
	archiveVersion = 1;
	classes = {
	};
	objectVersion = 50;
	objects = {

/* Begin PBXBuildFile section */
		651261A9233372F7007AF227 /* AppDelegate.swift in Sources */ = {isa = PBXBuildFile; fileRef = 651261A8233372F7007AF227 /* AppDelegate.swift */; };
		651261AB233372F7007AF227 /* art.scnassets in Resources */ = {isa = PBXBuildFile; fileRef = 651261AA233372F7007AF227 /* art.scnassets */; };
		651261AD233372F7007AF227 /* ViewController.swift in Sources */ = {isa = PBXBuildFile; fileRef = 651261AC233372F7007AF227 /* ViewController.swift */; };
		651261B0233372F7007AF227 /* Main.storyboard in Resources */ = {isa = PBXBuildFile; fileRef = 651261AE233372F7007AF227 /* Main.storyboard */; };
		651261B2233372F9007AF227 /* Assets.xcassets in Resources */ = {isa = PBXBuildFile; fileRef = 651261B1233372F9007AF227 /* Assets.xcassets */; };
		651261B5233372F9007AF227 /* LaunchScreen.storyboard in Resources */ = {isa = PBXBuildFile; fileRef = 651261B3233372F9007AF227 /* LaunchScreen.storyboard */; };
/* End PBXBuildFile section */

/* Begin PBXFileReference section */
		651261A5233372F7007AF227 /* AR Ruler.app */ = {isa = PBXFileReference; explicitFileType = wrapper.application; includeInIndex = 0; path = "AR Ruler.app"; sourceTree = BUILT_PRODUCTS_DIR; };
		651261A8233372F7007AF227 /* AppDelegate.swift */ = {isa = PBXFileReference; lastKnownFileType = sourcecode.swift; path = AppDelegate.swift; sourceTree = "<group>"; };
		651261AA233372F7007AF227 /* art.scnassets */ = {isa = PBXFileReference; lastKnownFileType = wrapper.scnassets; path = art.scnassets; sourceTree = "<group>"; };
		651261AC233372F7007AF227 /* ViewController.swift */ = {isa = PBXFileReference; lastKnownFileType = sourcecode.swift; path = ViewController.swift; sourceTree = "<group>"; };
		651261AF233372F7007AF227 /* Base */ = {isa = PBXFileReference; lastKnownFileType = file.storyboard; name = Base; path = Base.lproj/Main.storyboard; sourceTree = "<group>"; };
		651261B1233372F9007AF227 /* Assets.xcassets */ = {isa = PBXFileReference; lastKnownFileType = folder.assetcatalog; path = Assets.xcassets; sourceTree = "<group>"; };
		651261B4233372F9007AF227 /* Base */ = {isa = PBXFileReference; lastKnownFileType = file.storyboard; name = Base; path = Base.lproj/LaunchScreen.storyboard; sourceTree = "<group>"; };
		651261B6233372F9007AF227 /* Info.plist */ = {isa = PBXFileReference; lastKnownFileType = text.plist.xml; path = Info.plist; sourceTree = "<group>"; };
/* End PBXFileReference section */

/* Begin PBXFrameworksBuildPhase section */
		651261A2233372F7007AF227 /* Frameworks */ = {
			isa = PBXFrameworksBuildPhase;
			buildActionMask = 2147483647;
			files = (
			);
			runOnlyForDeploymentPostprocessing = 0;
		};
/* End PBXFrameworksBuildPhase section */

/* Begin PBXGroup section */
		6512619C233372F7007AF227 = {
			isa = PBXGroup;
			children = (
				651261A7233372F7007AF227 /* AR Ruler */,
				651261A6233372F7007AF227 /* Products */,
			);
			sourceTree = "<group>";
		};
		651261A6233372F7007AF227 /* Products */ = {
			isa = PBXGroup;
			children = (
				651261A5233372F7007AF227 /* AR Ruler.app */,
			);
			name = Products;
			sourceTree = "<group>";
		};
		651261A7233372F7007AF227 /* AR Ruler */ = {
			isa = PBXGroup;
			children = (
				651261A8233372F7007AF227 /* AppDelegate.swift */,
				651261AC233372F7007AF227 /* ViewController.swift */,
				651261AE233372F7007AF227 /* Main.storyboard */,
				651261AA233372F7007AF227 /* art.scnassets */,
				651261B1233372F9007AF227 /* Assets.xcassets */,
				651261B3233372F9007AF227 /* LaunchScreen.storyboard */,
				651261B6233372F9007AF227 /* Info.plist */,
			);
			path = "AR Ruler";
			sourceTree = "<group>";
		};
/* End PBXGroup section */

/* Begin PBXNativeTarget section */
		651261A4233372F7007AF227 /* AR Ruler */ = {
			isa = PBXNativeTarget;
			buildConfigurationList = 651261B9233372F9007AF227 /* Build configuration list for PBXNativeTarget "AR Ruler" */;
			buildPhases = (
				651261A1233372F7007AF227 /* Sources */,
				651261A2233372F7007AF227 /* Frameworks */,
				651261A3233372F7007AF227 /* Resources */,
			);
			buildRules = (
			);
			dependencies = (
			);
			name = "AR Ruler";
			productName = "AR Ruler";
			productReference = 651261A5233372F7007AF227 /* AR Ruler.app */;
			productType = "com.apple.product-type.application";
		};
/* End PBXNativeTarget section */

/* Begin PBXProject section */
		6512619D233372F7007AF227 /* Project object */ = {
			isa = PBXProject;
			attributes = {
				LastSwiftUpdateCheck = 1100;
				LastUpgradeCheck = 1100;
				ORGANIZATIONNAME = "Andre Suhartanto";
				TargetAttributes = {
					651261A4233372F7007AF227 = {
						CreatedOnToolsVersion = 11.0;
					};
				};
			};
			buildConfigurationList = 651261A0233372F7007AF227 /* Build configuration list for PBXProject "AR Ruler" */;
			compatibilityVersion = "Xcode 9.3";
			developmentRegion = en;
			hasScannedForEncodings = 0;
			knownRegions = (
				en,
				Base,
			);
			mainGroup = 6512619C233372F7007AF227;
			productRefGroup = 651261A6233372F7007AF227 /* Products */;
			projectDirPath = "";
			projectRoot = "";
			targets = (
				651261A4233372F7007AF227 /* AR Ruler */,
			);
		};
/* End PBXProject section */

/* Begin PBXResourcesBuildPhase section */
		651261A3233372F7007AF227 /* Resources */ = {
			isa = PBXResourcesBuildPhase;
			buildActionMask = 2147483647;
			files = (
				651261AB233372F7007AF227 /* art.scnassets in Resources */,
				651261B5233372F9007AF227 /* LaunchScreen.storyboard in Resources */,
				651261B2233372F9007AF227 /* Assets.xcassets in Resources */,
				651261B0233372F7007AF227 /* Main.storyboard in Resources */,
			);
			runOnlyForDeploymentPostprocessing = 0;
		};
/* End PBXResourcesBuildPhase section */

/* Begin PBXSourcesBuildPhase section */
		651261A1233372F7007AF227 /* Sources */ = {
			isa = PBXSourcesBuildPhase;
			buildActionMask = 2147483647;
			files = (
				651261AD233372F7007AF227 /* ViewController.swift in Sources */,
				651261A9233372F7007AF227 /* AppDelegate.swift in Sources */,
			);
			runOnlyForDeploymentPostprocessing = 0;
		};
/* End PBXSourcesBuildPhase section */

/* Begin PBXVariantGroup section */
		651261AE233372F7007AF227 /* Main.storyboard */ = {
			isa = PBXVariantGroup;
			children = (
				651261AF233372F7007AF227 /* Base */,
			);
			name = Main.storyboard;
			sourceTree = "<group>";
		};
		651261B3233372F9007AF227 /* LaunchScreen.storyboard */ = {
			isa = PBXVariantGroup;
			children = (
				651261B4233372F9007AF227 /* Base */,
			);
			name = LaunchScreen.storyboard;
			sourceTree = "<group>";
		};
/* End PBXVariantGroup section */

/* Begin XCBuildConfiguration section */
		651261B7233372F9007AF227 /* Debug */ = {
			isa = XCBuildConfiguration;
			buildSettings = {
				ALWAYS_SEARCH_USER_PATHS = NO;
				CLANG_ANALYZER_NONNULL = YES;
				CLANG_ANALYZER_NUMBER_OBJECT_CONVERSION = YES_AGGRESSIVE;
				CLANG_CXX_LANGUAGE_STANDARD = "gnu++14";
				CLANG_CXX_LIBRARY = "libc++";
				CLANG_ENABLE_MODULES = YES;
				CLANG_ENABLE_OBJC_ARC = YES;
				CLANG_ENABLE_OBJC_WEAK = YES;
				CLANG_WARN_BLOCK_CAPTURE_AUTORELEASING = YES;
				CLANG_WARN_BOOL_CONVERSION = YES;
				CLANG_WARN_COMMA = YES;
				CLANG_WARN_CONSTANT_CONVERSION = YES;
				CLANG_WARN_DEPRECATED_OBJC_IMPLEMENTATIONS = YES;
				CLANG_WARN_DIRECT_OBJC_ISA_USAGE = YES_ERROR;
				CLANG_WARN_DOCUMENTATION_COMMENTS = YES;
				CLANG_WARN_EMPTY_BODY = YES;
				CLANG_WARN_ENUM_CONVERSION = YES;
				CLANG_WARN_INFINITE_RECURSION = YES;
				CLANG_WARN_INT_CONVERSION = YES;
				CLANG_WARN_NON_LITERAL_NULL_CONVERSION = YES;
				CLANG_WARN_OBJC_IMPLICIT_RETAIN_SELF = YES;
				CLANG_WARN_OBJC_LITERAL_CONVERSION = YES;
				CLANG_WARN_OBJC_ROOT_CLASS = YES_ERROR;
				CLANG_WARN_RANGE_LOOP_ANALYSIS = YES;
				CLANG_WARN_STRICT_PROTOTYPES = YES;
				CLANG_WARN_SUSPICIOUS_MOVE = YES;
				CLANG_WARN_UNGUARDED_AVAILABILITY = YES_AGGRESSIVE;
				CLANG_WARN_UNREACHABLE_CODE = YES;
				CLANG_WARN__DUPLICATE_METHOD_MATCH = YES;
				COPY_PHASE_STRIP = NO;
				DEBUG_INFORMATION_FORMAT = dwarf;
				ENABLE_STRICT_OBJC_MSGSEND = YES;
				ENABLE_TESTABILITY = YES;
				GCC_C_LANGUAGE_STANDARD = gnu11;
				GCC_DYNAMIC_NO_PIC = NO;
				GCC_NO_COMMON_BLOCKS = YES;
				GCC_OPTIMIZATION_LEVEL = 0;
				GCC_PREPROCESSOR_DEFINITIONS = (
					"DEBUG=1",
					"$(inherited)",
				);
				GCC_WARN_64_TO_32_BIT_CONVERSION = YES;
				GCC_WARN_ABOUT_RETURN_TYPE = YES_ERROR;
				GCC_WARN_UNDECLARED_SELECTOR = YES;
				GCC_WARN_UNINITIALIZED_AUTOS = YES_AGGRESSIVE;
				GCC_WARN_UNUSED_FUNCTION = YES;
				GCC_WARN_UNUSED_VARIABLE = YES;
				IPHONEOS_DEPLOYMENT_TARGET = 13.0;
				MTL_ENABLE_DEBUG_INFO = INCLUDE_SOURCE;
				MTL_FAST_MATH = YES;
				ONLY_ACTIVE_ARCH = YES;
				SDKROOT = iphoneos;
				SWIFT_ACTIVE_COMPILATION_CONDITIONS = DEBUG;
				SWIFT_OPTIMIZATION_LEVEL = "-Onone";
			};
			name = Debug;
		};
		651261B8233372F9007AF227 /* Release */ = {
			isa = XCBuildConfiguration;
			buildSettings = {
				ALWAYS_SEARCH_USER_PATHS = NO;
				CLANG_ANALYZER_NONNULL = YES;
				CLANG_ANALYZER_NUMBER_OBJECT_CONVERSION = YES_AGGRESSIVE;
				CLANG_CXX_LANGUAGE_STANDARD = "gnu++14";
				CLANG_CXX_LIBRARY = "libc++";
				CLANG_ENABLE_MODULES = YES;
				CLANG_ENABLE_OBJC_ARC = YES;
				CLANG_ENABLE_OBJC_WEAK = YES;
				CLANG_WARN_BLOCK_CAPTURE_AUTORELEASING = YES;
				CLANG_WARN_BOOL_CONVERSION = YES;
				CLANG_WARN_COMMA = YES;
				CLANG_WARN_CONSTANT_CONVERSION = YES;
				CLANG_WARN_DEPRECATED_OBJC_IMPLEMENTATIONS = YES;
				CLANG_WARN_DIRECT_OBJC_ISA_USAGE = YES_ERROR;
				CLANG_WARN_DOCUMENTATION_COMMENTS = YES;
				CLANG_WARN_EMPTY_BODY = YES;
				CLANG_WARN_ENUM_CONVERSION = YES;
				CLANG_WARN_INFINITE_RECURSION = YES;
				CLANG_WARN_INT_CONVERSION = YES;
				CLANG_WARN_NON_LITERAL_NULL_CONVERSION = YES;
				CLANG_WARN_OBJC_IMPLICIT_RETAIN_SELF = YES;
				CLANG_WARN_OBJC_LITERAL_CONVERSION = YES;
				CLANG_WARN_OBJC_ROOT_CLASS = YES_ERROR;
				CLANG_WARN_RANGE_LOOP_ANALYSIS = YES;
				CLANG_WARN_STRICT_PROTOTYPES = YES;
				CLANG_WARN_SUSPICIOUS_MOVE = YES;
				CLANG_WARN_UNGUARDED_AVAILABILITY = YES_AGGRESSIVE;
				CLANG_WARN_UNREACHABLE_CODE = YES;
				CLANG_WARN__DUPLICATE_METHOD_MATCH = YES;
				COPY_PHASE_STRIP = NO;
				DEBUG_INFORMATION_FORMAT = "dwarf-with-dsym";
				ENABLE_NS_ASSERTIONS = NO;
				ENABLE_STRICT_OBJC_MSGSEND = YES;
				GCC_C_LANGUAGE_STANDARD = gnu11;
				GCC_NO_COMMON_BLOCKS = YES;
				GCC_WARN_64_TO_32_BIT_CONVERSION = YES;
				GCC_WARN_ABOUT_RETURN_TYPE = YES_ERROR;
				GCC_WARN_UNDECLARED_SELECTOR = YES;
				GCC_WARN_UNINITIALIZED_AUTOS = YES_AGGRESSIVE;
				GCC_WARN_UNUSED_FUNCTION = YES;
				GCC_WARN_UNUSED_VARIABLE = YES;
				IPHONEOS_DEPLOYMENT_TARGET = 13.0;
				MTL_ENABLE_DEBUG_INFO = NO;
				MTL_FAST_MATH = YES;
				SDKROOT = iphoneos;
				SWIFT_COMPILATION_MODE = wholemodule;
				SWIFT_OPTIMIZATION_LEVEL = "-O";
				VALIDATE_PRODUCT = YES;
			};
			name = Release;
		};
		651261BA233372F9007AF227 /* Debug */ = {
			isa = XCBuildConfiguration;
			buildSettings = {
				ASSETCATALOG_COMPILER_APPICON_NAME = AppIcon;
				CODE_SIGN_STYLE = Automatic;
				DEVELOPMENT_TEAM = 3S84D6AKYX;
				INFOPLIST_FILE = "AR Ruler/Info.plist";
				LD_RUNPATH_SEARCH_PATHS = (
					"$(inherited)",
					"@executable_path/Frameworks",
				);
				PRODUCT_BUNDLE_IDENTIFIER = "com.andresuhart.AR-Ruler";
				PRODUCT_NAME = "$(TARGET_NAME)";
				SWIFT_VERSION = 5.0;
				TARGETED_DEVICE_FAMILY = "1,2";
			};
			name = Debug;
		};
		651261BB233372F9007AF227 /* Release */ = {
			isa = XCBuildConfiguration;
			buildSettings = {
				ASSETCATALOG_COMPILER_APPICON_NAME = AppIcon;
				CODE_SIGN_STYLE = Automatic;
				DEVELOPMENT_TEAM = 3S84D6AKYX;
				INFOPLIST_FILE = "AR Ruler/Info.plist";
				LD_RUNPATH_SEARCH_PATHS = (
					"$(inherited)",
					"@executable_path/Frameworks",
				);
				PRODUCT_BUNDLE_IDENTIFIER = "com.andresuhart.AR-Ruler";
				PRODUCT_NAME = "$(TARGET_NAME)";
				SWIFT_VERSION = 5.0;
				TARGETED_DEVICE_FAMILY = "1,2";
			};
			name = Release;
		};
/* End XCBuildConfiguration section */

/* Begin XCConfigurationList section */
		651261A0233372F7007AF227 /* Build configuration list for PBXProject "AR Ruler" */ = {
			isa = XCConfigurationList;
			buildConfigurations = (
				651261B7233372F9007AF227 /* Debug */,
				651261B8233372F9007AF227 /* Release */,
			);
			defaultConfigurationIsVisible = 0;
			defaultConfigurationName = Release;
		};
		651261B9233372F9007AF227 /* Build configuration list for PBXNativeTarget "AR Ruler" */ = {
			isa = XCConfigurationList;
			buildConfigurations = (
				651261BA233372F9007AF227 /* Debug */,
				651261BB233372F9007AF227 /* Release */,
			);
			defaultConfigurationIsVisible = 0;
			defaultConfigurationName = Release;
		};
/* End XCConfigurationList section */
	};
	rootObject = 6512619D233372F7007AF227 /* Project object */;
}
